
Microsoft Visual Studio Solution File, Format Version 12.00
# Visual Studio Version 17
VisualStudioVersion = 17.5.002.0
MinimumVisualStudioVersion = 10.0.40219.1
Project("{9A19103F-16F7-4668-BE54-9A1E7A4F7556}") = "programmeringmed.NetProjekt", "programmeringmed.NetProjekt.csproj", "{1977CF9B-5F4A-43C1-B39C-6F1B45E1076E}"
EndProject
Global
	GlobalSection(SolutionConfigurationPlatforms) = preSolution
		Debug|Any CPU = Debug|Any CPU
		Release|Any CPU = Release|Any CPU
	EndGlobalSection
	GlobalSection(ProjectConfigurationPlatforms) = postSolution
		{1977CF9B-5F4A-43C1-B39C-6F1B45E1076E}.Debug|Any CPU.ActiveCfg = Debug|Any CPU
		{1977CF9B-5F4A-43C1-B39C-6F1B45E1076E}.Debug|Any CPU.Build.0 = Debug|Any CPU
		{1977CF9B-5F4A-43C1-B39C-6F1B45E1076E}.Release|Any CPU.ActiveCfg = Release|Any CPU
		{1977CF9B-5F4A-43C1-B39C-6F1B45E1076E}.Release|Any CPU.Build.0 = Release|Any CPU
	EndGlobalSection
	GlobalSection(SolutionProperties) = preSolution
		HideSolutionNode = FALSE
	EndGlobalSection
	GlobalSection(ExtensibilityGlobals) = postSolution
		SolutionGuid = {3C024A87-87B9-4BC4-97A2-8CC41E1C6791}
	EndGlobalSection
EndGlobal
